
Microsoft Visual Studio Solution File, Format Version 12.00
# Visual Studio Version 17
VisualStudioVersion = 17.5.33530.505
MinimumVisualStudioVersion = 10.0.40219.1
Project("{FAE04EC0-301F-11D3-BF4B-00C04F79EFBC}") = "WindowsFormsApp4", "WindowsFormsApp4.csproj", "{2B6780FB-F6D6-42E2-BC05-B65A13DD40D5}"
EndProject
Global
	GlobalSection(SolutionConfigurationPlatforms) = preSolution
		Debug|Any CPU = Debug|Any CPU
		Release|Any CPU = Release|Any CPU
	EndGlobalSection
	GlobalSection(ProjectConfigurationPlatforms) = postSolution
		{2B6780FB-F6D6-42E2-BC05-B65A13DD40D5}.Debug|Any CPU.ActiveCfg = Debug|Any CPU
		{2B6780FB-F6D6-42E2-BC05-B65A13DD40D5}.Debug|Any CPU.Build.0 = Debug|Any CPU
		{2B6780FB-F6D6-42E2-BC05-B65A13DD40D5}.Release|Any CPU.ActiveCfg = Release|Any CPU
		{2B6780FB-F6D6-42E2-BC05-B65A13DD40D5}.Release|Any CPU.Build.0 = Release|Any CPU
	EndGlobalSection
	GlobalSection(SolutionProperties) = preSolution
		HideSolutionNode = FALSE
	EndGlobalSection
	GlobalSection(ExtensibilityGlobals) = postSolution
		SolutionGuid = {DBFB4C9F-DDF8-46D2-9859-48D20D66BD58}
	EndGlobalSection
EndGlobal
